# THIS IS AN AUTOGENERATED FILE. DO NOT EDIT THIS FILE DIRECTLY.
# yarn lockfile v1
argparse@^1.0.7:
  version "1.0.9"
  resolved "https://registry.yarnpkg.com/argparse/-/argparse-1.0.9.tgz#73d83bc263f86e97f8cc4f6bae1b0e90a7d22c86"
  dependencies:
    sprintf-js "~1.0.2"

call-me-maybe@^1.0.1:
  version "1.0.1"
  resolved "https://registry.yarnpkg.com/call-me-maybe/-/call-me-maybe-1.0.1.tgz#26d208ea89e37b5cbde60250a15f031c16a4d66b"

cliclopts@^1.1.1:
  version "1.1.1"
  resolved "https://registry.yarnpkg.com/cliclopts/-/cliclopts-1.1.1.tgz#69431c7cb5af723774b0d3911b4c37512431910f"

commander@^2.7.1, commander@^2.9.0:
  version "2.9.0"
  resolved "https://registry.yarnpkg.com/commander/-/commander-2.9.0.tgz#9c99094176e12240cb22d6c5146098400fe0f7d4"
  dependencies:
    graceful-readlink ">= 1.0.0"

debug@^2.2.0:
  version "2.4.4"
  resolved "https://registry.yarnpkg.com/debug/-/debug-2.4.4.tgz#c04d17a654e9202464803f096153f70a6f31f4be"
  dependencies:
    ms "0.7.2"

entities@~1.1.1:
  version "1.1.1"
  resolved "https://registry.yarnpkg.com/entities/-/entities-1.1.1.tgz#6e5c2d0a5621b5dadaecef80b90edfb5cd7772f0"

es6-promise@^3.0.2, es6-promise@^3.1.2:
  version "3.3.1"
  resolved "https://registry.yarnpkg.com/es6-promise/-/es6-promise-3.3.1.tgz#a08cdde84ccdbf34d027a1451bc91d4bcd28a613"

esprima@^2.6.0:
  version "2.7.3"
  resolved "https://registry.yarnpkg.com/esprima/-/esprima-2.7.3.tgz#96e3b70d5779f6ad49cd032673d1c312767ba581"

fs@0.0.2:
  version "0.0.2"
  resolved "https://registry.yarnpkg.com/fs/-/fs-0.0.2.tgz#e1f244ef3933c1b2a64bd4799136060d0f5914f8"

"graceful-readlink@>= 1.0.0":
  version "1.0.1"
  resolved "https://registry.yarnpkg.com/graceful-readlink/-/graceful-readlink-1.0.1.tgz#4cafad76bc62f02fa039b2f94e9a3dd3a391a725"

js-yaml@^3.4.6, js-yaml@^3.6.0, js-yaml@^3.7.0:
  version "3.7.0"
  resolved "https://registry.yarnpkg.com/js-yaml/-/js-yaml-3.7.0.tgz#5c967ddd837a9bfdca5f2de84253abe8a1c03b80"
  dependencies:
    argparse "^1.0.7"
    esprima "^2.6.0"

json-schema-ref-parser@^1.4.1:
  version "1.4.1"
  resolved "https://registry.yarnpkg.com/json-schema-ref-parser/-/json-schema-ref-parser-1.4.1.tgz#c0c2e438bf0796723b02451bae8bc7dd0b37fed0"
  dependencies:
    call-me-maybe "^1.0.1"
    debug "^2.2.0"
    es6-promise "^3.0.2"
    js-yaml "^3.4.6"
    ono "^2.0.1"

json-schema-ref-parser@^3.1.2:
  version "3.1.2"
  resolved "https://registry.yarnpkg.com/json-schema-ref-parser/-/json-schema-ref-parser-3.1.2.tgz#a38ecb7774f87f32e7eb9723d5921390e76a9a42"
  dependencies:
    call-me-maybe "^1.0.1"
    debug "^2.2.0"
    es6-promise "^3.1.2"
    js-yaml "^3.6.0"
    ono "^2.2.1"
    z-schema "^3.17.0"

linkify-it@^2.0.0:
  version "2.0.2"
  resolved "https://registry.yarnpkg.com/linkify-it/-/linkify-it-2.0.2.tgz#994629a4adfa5a7d34e08c075611575ab9b6fcfc"
  dependencies:
    uc.micro "^1.0.1"

lodash.get@^4.1.2:
  version "4.4.2"
  resolved "https://registry.yarnpkg.com/lodash.get/-/lodash.get-4.4.2.tgz#2d177f652fa31e939b4438d5341499dfa3825e99"

lodash.isequal@^4.4.0:
  version "4.4.0"
  resolved "https://registry.yarnpkg.com/lodash.isequal/-/lodash.isequal-4.4.0.tgz#6295768e98e14dc15ce8d362ef6340db82852031"

lodash@^4.13.1:
  version "4.17.2"
  resolved "https://registry.yarnpkg.com/lodash/-/lodash-4.17.2.tgz#34a3055babe04ce42467b607d700072c7ff6bf42"

markdown-it@^7.0.0:
  version "7.0.1"
  resolved "https://registry.yarnpkg.com/markdown-it/-/markdown-it-7.0.1.tgz#f12d8b88a93e64254348dfd183bd70bf60567a42"
  dependencies:
    argparse "^1.0.7"
    entities "~1.1.1"
    linkify-it "^2.0.0"
    mdurl "^1.0.1"
    uc.micro "^1.0.1"

mdurl@^1.0.1:
  version "1.0.1"
  resolved "https://registry.yarnpkg.com/mdurl/-/mdurl-1.0.1.tgz#fe85b2ec75a59037f2adfec100fd6c601761152e"

minimist@^1.2.0:
  version "1.2.0"
  resolved "https://registry.yarnpkg.com/minimist/-/minimist-1.2.0.tgz#a35008b20f41383eec1fb914f4cd5df79a264284"

ms@0.7.2:
  version "0.7.2"
  resolved "https://registry.yarnpkg.com/ms/-/ms-0.7.2.tgz#ae25cf2512b3885a1d95d7f037868d8431124765"

ono@^2.0.1, ono@^2.2.1:
  version "2.2.1"
  resolved "https://registry.yarnpkg.com/ono/-/ono-2.2.1.tgz#722fc7e8429ff733887a80e743fb38bbd985b003"

openapi2slate:
  version "1.0.0"
  resolved "https://registry.yarnpkg.com/openapi2slate/-/openapi2slate-1.0.0.tgz#9998ae97b18f58ffb7344b8e3a1551cc8f90dd71"
  dependencies:
    commander "^2.9.0"
    fs "0.0.2"
    json-schema-ref-parser "^3.1.2"
    lodash "^4.13.1"
    markdown-it "^7.0.0"
    swagger-parser "^3.4.1"

sprintf-js@~1.0.2:
  version "1.0.3"
  resolved "https://registry.yarnpkg.com/sprintf-js/-/sprintf-js-1.0.3.tgz#04e6926f662895354f3dd015203633b857297e2c"

swagger-methods@^1.0.0:
  version "1.0.0"
  resolved "https://registry.yarnpkg.com/swagger-methods/-/swagger-methods-1.0.0.tgz#b39c77957d305a6535c0a1e015081185b99d61fc"

swagger-parser@^3.4.1:
  version "3.4.1"
  resolved "https://registry.yarnpkg.com/swagger-parser/-/swagger-parser-3.4.1.tgz#0290529dbae254d178b442a95df60d23d142301d"
  dependencies:
    call-me-maybe "^1.0.1"
    debug "^2.2.0"
    es6-promise "^3.0.2"
    json-schema-ref-parser "^1.4.1"
    ono "^2.0.1"
    swagger-methods "^1.0.0"
    swagger-schema-official "2.0.0-bab6bed"
    z-schema "^3.16.1"

swagger-schema-official@2.0.0-bab6bed:
  version "2.0.0-bab6bed"
  resolved "https://registry.yarnpkg.com/swagger-schema-official/-/swagger-schema-official-2.0.0-bab6bed.tgz#70070468d6d2977ca5237b2e519ca7d06a2ea3fd"

swagger-to-slate:
  version "1.0.3"
  resolved "https://registry.yarnpkg.com/swagger-to-slate/-/swagger-to-slate-1.0.3.tgz#0f10027fafffde1bad1c3ffc9cfbf18e0114ff77"
  dependencies:
    cliclopts "^1.1.1"
    js-yaml "^3.7.0"
    minimist "^1.2.0"

uc.micro@^1.0.1:
  version "1.0.3"
  resolved "https://registry.yarnpkg.com/uc.micro/-/uc.micro-1.0.3.tgz#7ed50d5e0f9a9fb0a573379259f2a77458d50192"

validator@^6.0.0:
  version "6.2.0"
  resolved "https://registry.yarnpkg.com/validator/-/validator-6.2.0.tgz#b2cccdc49ff0f4b8ee4e61dba2ddd3dde13f23e7"

z-schema@^3.16.1, z-schema@^3.17.0:
  version "3.18.2"
  resolved "https://registry.yarnpkg.com/z-schema/-/z-schema-3.18.2.tgz#e422196b5efe60b46adef3c3f2aef2deaa911161"
  dependencies:
    lodash.get "^4.1.2"
    lodash.isequal "^4.4.0"
    validator "^6.0.0"
  optionalDependencies:
    commander "^2.7.1"

